PODS:
  - Flutter (1.0.0)
  - flutter_native_timezone (0.0.1):
    - Flutter
  - location (0.0.1):
    - Flutter
  - shared_preferences_ios (0.0.1):
    - Flutter
  - Socket.IO-Client-Swift (16.0.1):
    - Starscream (~> 4.0)
  - Starscream (4.0.4)

DEPENDENCIES:
  - Flutter (from `Flutter`)
  - flutter_native_timezone (from `.symlinks/plugins/flutter_native_timezone/ios`)
  - location (from `.symlinks/plugins/location/ios`)
  - shared_preferences_ios (from `.symlinks/plugins/shared_preferences_ios/ios`)
  - Socket.IO-Client-Swift

SPEC REPOS:
  trunk:
    - Socket.IO-Client-Swift
    - Starscream

EXTERNAL SOURCES:
  Flutter:
    :path: Flutter
  flutter_native_timezone:
    :path: ".symlinks/plugins/flutter_native_timezone/ios"
  location:
    :path: ".symlinks/plugins/location/ios"
  shared_preferences_ios:
    :path: ".symlinks/plugins/shared_preferences_ios/ios"

SPEC CHECKSUMS:
  Flutter: 50d75fe2f02b26cc09d224853bb45737f8b3214a
  flutter_native_timezone: 5f05b2de06c9776b4cc70e1839f03de178394d22
  location: 3a2eed4dd2fab25e7b7baf2a9efefe82b512d740
  shared_preferences_ios: aef470a42dc4675a1cdd50e3158b42e3d1232b32
  Socket.IO-Client-Swift: c116d6dc9fd6be9c259bacfe143f8725bce7d79e
  Starscream: 5178aed56b316f13fa3bc55694e583d35dd414d9

PODFILE CHECKSUM: 4ac1c79c2512c9fc92d060622894a977a1e148ff

COCOAPODS: 1.11.2
